github.com/BurntSushi/toml v1.5.0 h1:W5quZX/G/csjUnuI8SUYlsHs9M38FC7znL0lIO+DvMg=
github.com/BurntSushi/toml v1.5.0/go.mod h1:ukJfTF/6rtPPRCnwkur4qwRxa8vTRFBF0uk2lLoLwho=
github.com/DeprecatedLuar/gohelp-luar v0.2.2 h1:kFnHgWndFY7dQ4SmJYjF+bjRELTuoBUVb2QVRfsHD4Q=
github.com/DeprecatedLuar/gohelp-luar v0.2.2/go.mod h1:Cyu+2LWntqOPywRtAZHADj8EgOe+R3s0+hjjp5XHOow=
github.com/deprecatedluar/luar-daemonator v0.1.0 h1:WNsa5QeICnd2r2oNgAD+0TheTHn39PA7Llgtj6ammf8=
github.com/deprecatedluar/luar-daemonator v0.1.0/go.mod h1:HdL0bvxXHSqhDek1G3cc23sjsur71gHIEleAxqfOlJw=
github.com/holoplot/go-evdev v0.0.0-20250804134636-ab1d56a1fe83 h1:B+A58zGFuDrvEZpPN+yS6swJA0nzqgZvDzgl/OPyefU=
github.com/holoplot/go-evdev v0.0.0-20250804134636-ab1d56a1fe83/go.mod h1:iHAf8OIncO2gcQ8XOjS7CMJ2aPbX2Bs0wl5pZyanEqk=
golang.org/x/sys v0.37.0 h1:fdNQudmxPjkdUTPnLn5mdQv7Zwvbvpaxqs831goi9kQ=
golang.org/x/sys v0.37.0/go.mod h1:OgkHotnGiDImocRcuBABYBEXf8A9a87e/uXjp9XT3ks=
golang.org/x/term v0.36.0 h1:zMPR+aF8gfksFprF/Nc/rd1wRS1EI6nDBGyWAvDzx2Q=
golang.org/x/term v0.36.0/go.mod h1:Qu394IJq6V6dCBRgwqshf3mPF85AqzYEzofzRdZkWss=
